{
  "name": "froxscript",
  "lockfileVersion": 3,
  "requires": true,
  "packages": {
    "": {
      "dependencies": {
        "@napi-rs/cli": "^2.14.3"
      }
    },
    "node_modules/@napi-rs/cli": {
      "version": "2.14.3",
      "resolved": "https://registry.npmjs.org/@napi-rs/cli/-/cli-2.14.3.tgz",
      "integrity": "sha512-yPc3dXHwynwR815s/7NczYx61wwmkZS1zlzgoVV+KaYJ9qAcd7pRiCZ7n/lBYL9lqUPWFZ7D9QYDn7b6teIsow==",
      "bin": {
        "napi": "scripts/index.js"
      },
      "engines": {
        "node": ">= 10"
      },
      "funding": {
        "type": "github",
        "url": "https://github.com/sponsors/Brooooooklyn"
      }
    }
  }
}
